
Microsoft Visual Studio Solution File, Format Version 12.00
# Visual Studio 14
VisualStudioVersion = 14.0.25123.0
MinimumVisualStudioVersion = 10.0.40219.1
Project("{FAE04EC0-301F-11D3-BF4B-00C04F79EFBC}") = "EntitiesApi", "EntidadLibro\EntitiesApi.csproj", "{BE0E8F9B-80BB-4916-A685-FC48829E5196}"
EndProject
Project("{FAE04EC0-301F-11D3-BF4B-00C04F79EFBC}") = "LibraryManagement", "GestionBiblioteca\LibraryManagement.csproj", "{6F1A33CD-8692-45AB-BAD8-2A46C15D374E}"
EndProject
Project("{FAE04EC0-301F-11D3-BF4B-00C04F79EFBC}") = "ListarElementos", "ListarElementos\ListarElementos.csproj", "{E1994A12-89A5-45A5-A186-01F3684C87F3}"
EndProject
Project("{FAE04EC0-301F-11D3-BF4B-00C04F79EFBC}") = "LibreriaMenuLibros", "OpcionesMenu\LibreriaMenuLibros.csproj", "{0B73AC55-33B8-4399-9765-534B49409763}"
EndProject
Global
	GlobalSection(SolutionConfigurationPlatforms) = preSolution
		Debug|Any CPU = Debug|Any CPU
		Release|Any CPU = Release|Any CPU
	EndGlobalSection
	GlobalSection(ProjectConfigurationPlatforms) = postSolution
		{BE0E8F9B-80BB-4916-A685-FC48829E5196}.Debug|Any CPU.ActiveCfg = Debug|Any CPU
		{BE0E8F9B-80BB-4916-A685-FC48829E5196}.Debug|Any CPU.Build.0 = Debug|Any CPU
		{BE0E8F9B-80BB-4916-A685-FC48829E5196}.Release|Any CPU.ActiveCfg = Release|Any CPU
		{BE0E8F9B-80BB-4916-A685-FC48829E5196}.Release|Any CPU.Build.0 = Release|Any CPU
		{6F1A33CD-8692-45AB-BAD8-2A46C15D374E}.Debug|Any CPU.ActiveCfg = Debug|Any CPU
		{6F1A33CD-8692-45AB-BAD8-2A46C15D374E}.Debug|Any CPU.Build.0 = Debug|Any CPU
		{6F1A33CD-8692-45AB-BAD8-2A46C15D374E}.Release|Any CPU.ActiveCfg = Release|Any CPU
		{6F1A33CD-8692-45AB-BAD8-2A46C15D374E}.Release|Any CPU.Build.0 = Release|Any CPU
		{E1994A12-89A5-45A5-A186-01F3684C87F3}.Debug|Any CPU.ActiveCfg = Debug|Any CPU
		{E1994A12-89A5-45A5-A186-01F3684C87F3}.Debug|Any CPU.Build.0 = Debug|Any CPU
		{E1994A12-89A5-45A5-A186-01F3684C87F3}.Release|Any CPU.ActiveCfg = Release|Any CPU
		{E1994A12-89A5-45A5-A186-01F3684C87F3}.Release|Any CPU.Build.0 = Release|Any CPU
		{0B73AC55-33B8-4399-9765-534B49409763}.Debug|Any CPU.ActiveCfg = Debug|Any CPU
		{0B73AC55-33B8-4399-9765-534B49409763}.Debug|Any CPU.Build.0 = Debug|Any CPU
		{0B73AC55-33B8-4399-9765-534B49409763}.Release|Any CPU.ActiveCfg = Release|Any CPU
		{0B73AC55-33B8-4399-9765-534B49409763}.Release|Any CPU.Build.0 = Release|Any CPU
	EndGlobalSection
	GlobalSection(SolutionProperties) = preSolution
		HideSolutionNode = FALSE
	EndGlobalSection
EndGlobal
